<?xml version="1.0" encoding="utf-8"?>
<Project ToolsVersion="4.0" xmlns="http://schemas.microsoft.com/developer/msbuild/2003">
  <ItemGroup>
    <ClInclude Include="stdafx.h" />
    <ClInclude Include="Executes\Execute.h">
      <Filter>Executes</Filter>
    </ClInclude>
    <ClInclude Include="Renders\Shader.h">
      <Filter>Renders</Filter>
    </ClInclude>
    <ClInclude Include="Renders\ShaderBuffer.h">
      <Filter>Renders</Filter>
    </ClInclude>
    <ClInclude Include="Renders\States.h">
      <Filter>Renders</Filter>
    </ClInclude>
    <ClInclude Include="Renders\VertexLayouts.h">
      <Filter>Renders</Filter>
    </ClInclude>
    <ClInclude Include="Renders\GlobalBuffers.h">
      <Filter>Renders</Filter>
    </ClInclude>
    <ClInclude Include="Systems\Keyboard.h">
      <Filter>Systems</Filter>
    </ClInclude>
    <ClInclude Include="Systems\Mouse.h">
      <Filter>Systems</Filter>
    </ClInclude>
    <ClInclude Include="Systems\Time.h">
      <Filter>Systems</Filter>
    </ClInclude>
    <ClInclude Include="Systems\Window.h">
      <Filter>Systems</Filter>
    </ClInclude>
    <ClInclude Include="Systems\D3D.h">
      <Filter>Systems</Filter>
    </ClInclude>
    <ClInclude Include="Viewer\Perspective.h">
      <Filter>Viewer</Filter>
    </ClInclude>
    <ClInclude Include="Viewer\Viewport.h">
      <Filter>Viewer</Filter>
    </ClInclude>
    <ClInclude Include="Program.h" />
    <ClInclude Include="Utilities\Path.h">
      <Filter>Utilities</Filter>
    </ClInclude>
    <ClInclude Include="Utilities\String.h">
      <Filter>Utilities</Filter>
    </ClInclude>
    <ClInclude Include="Utilities\BinaryFile.h">
      <Filter>Utilities</Filter>
    </ClInclude>
    <ClInclude Include="Utilities\Math.h">
      <Filter>Utilities</Filter>
    </ClInclude>
    <ClInclude Include="Landscape\Terrain.h">
      <Filter>Landscape</Filter>
    </ClInclude>
    <ClInclude Include="Viewer\Camera.h">
      <Filter>Viewer</Filter>
    </ClInclude>
    <ClInclude Include="Viewer\FirstPerson.h">
      <Filter>Viewer</Filter>
    </ClInclude>
    <ClInclude Include="Executes\GuiSettings.h">
      <Filter>Executes</Filter>
    </ClInclude>
    <ClInclude Include="Executes\ExeGui.h">
      <Filter>Executes</Filter>
    </ClInclude>
    <ClInclude Include="Utilities\Mesh.h">
      <Filter>Utilities</Filter>
    </ClInclude>
    <ClInclude Include="Renders\Textures.h">
      <Filter>Renders</Filter>
    </ClInclude>
    <ClInclude Include="Renders\Material.h">
      <Filter>Renders</Filter>
    </ClInclude>
    <ClInclude Include="Executes\DrawTerrain.h">
      <Filter>Executes</Filter>
    </ClInclude>
    <ClInclude Include="Landscape\Data.h">
      <Filter>Landscape</Filter>
    </ClInclude>
    <ClInclude Include="Landscape\Fog.h">
      <Filter>Landscape</Filter>
    </ClInclude>
    <ClInclude Include="Water\Ocean.h">
      <Filter>Water</Filter>
    </ClInclude>
    <ClInclude Include="Water\OceanVertex.h">
      <Filter>Water</Filter>
    </ClInclude>
    <ClInclude Include="Water\Wave.h">
      <Filter>Water</Filter>
    </ClInclude>
    <ClInclude Include="Water\WaveVertex.h">
      <Filter>Water</Filter>
    </ClInclude>
    <ClInclude Include="Executes\DrawWater.h">
      <Filter>Executes</Filter>
    </ClInclude>
    <ClInclude Include="Environment\Sky.h">
      <Filter>Environment</Filter>
    </ClInclude>
    <ClInclude Include="Model\BinModel.h">
      <Filter>Model</Filter>
    </ClInclude>
    <ClInclude Include="Model\FbxData.h">
      <Filter>Model</Filter>
    </ClInclude>
    <ClInclude Include="Model\FbxModel.h">
      <Filter>Model</Filter>
    </ClInclude>
    <ClInclude Include="Model\FbxModels.h">
      <Filter>Model</Filter>
    </ClInclude>
    <ClInclude Include="Model\FbxUtility.h">
      <Filter>Model</Filter>
    </ClInclude>
    <ClInclude Include="Model\MeshPart.h">
      <Filter>Model</Filter>
    </ClInclude>
    <ClInclude Include="Interfaces\ICloneable.h">
      <Filter>Interfaces</Filter>
    </ClInclude>
    <ClInclude Include="Executes\DrawEnv.h">
      <Filter>Executes</Filter>
    </ClInclude>
    <ClInclude Include="Utilities\Json.h">
      <Filter>Utilities</Filter>
    </ClInclude>
    <ClInclude Include="Environment\Sun.h">
      <Filter>Environment</Filter>
    </ClInclude>
    <ClInclude Include="Particle\KeyframeTable.h">
      <Filter>Particle</Filter>
    </ClInclude>
    <ClInclude Include="Particle\ParticleInfo.h">
      <Filter>Particle</Filter>
    </ClInclude>
    <ClInclude Include="Particle\Enums.h">
      <Filter>Particle</Filter>
    </ClInclude>
    <ClInclude Include="Particle\TimeSequence.h">
      <Filter>Particle</Filter>
    </ClInclude>
    <ClInclude Include="Particle\TextureSequence.h">
      <Filter>Particle</Filter>
    </ClInclude>
    <ClInclude Include="Landscape\QuadTree.h">
      <Filter>Landscape</Filter>
    </ClInclude>
    <ClInclude Include="Landscape\Frustum.h">
      <Filter>Landscape</Filter>
    </ClInclude>
  </ItemGroup>
  <ItemGroup>
    <Filter Include="Executes">
      <UniqueIdentifier>{9cf8f685-25e3-48a2-b6b3-b00c8505ac32}</UniqueIdentifier>
    </Filter>
    <Filter Include="Renders">
      <UniqueIdentifier>{30f71ca6-86fc-4a07-8c55-3b9b4a221935}</UniqueIdentifier>
    </Filter>
    <Filter Include="Systems">
      <UniqueIdentifier>{c2abd35d-375a-43b3-ba7e-7b4b24b403bb}</UniqueIdentifier>
    </Filter>
    <Filter Include="Viewer">
      <UniqueIdentifier>{cfbc03d8-52c3-41bd-9fd4-797036f4b8ca}</UniqueIdentifier>
    </Filter>
    <Filter Include="Utilities">
      <UniqueIdentifier>{409d6f39-6218-4c24-9e39-1646a0cde279}</UniqueIdentifier>
    </Filter>
    <Filter Include="Landscape">
      <UniqueIdentifier>{e9d4e0d1-41da-48dc-9a5a-743cfcf3720b}</UniqueIdentifier>
    </Filter>
    <Filter Include="Water">
      <UniqueIdentifier>{c901a59b-3a06-426f-b7f0-783fdf2ac74d}</UniqueIdentifier>
    </Filter>
    <Filter Include="Environment">
      <UniqueIdentifier>{f29651c1-116a-4046-ae3e-7735502f2382}</UniqueIdentifier>
    </Filter>
    <Filter Include="Model">
      <UniqueIdentifier>{46e250b4-fdb5-44bf-90a8-cd6da7ae6f24}</UniqueIdentifier>
    </Filter>
    <Filter Include="Interfaces">
      <UniqueIdentifier>{d7a0d655-7a85-4e05-bc92-3708f0323487}</UniqueIdentifier>
    </Filter>
    <Filter Include="Particle">
      <UniqueIdentifier>{ca22c828-6465-4b87-9dd6-e387a42ed515}</UniqueIdentifier>
    </Filter>
  </ItemGroup>
  <ItemGroup>
    <ClCompile Include="Renders\Shader.cpp">
      <Filter>Renders</Filter>
    </ClCompile>
    <ClCompile Include="Renders\States.cpp">
      <Filter>Renders</Filter>
    </ClCompile>
    <ClCompile Include="Systems\Mouse.cpp">
      <Filter>Systems</Filter>
    </ClCompile>
    <ClCompile Include="Systems\Time.cpp">
      <Filter>Systems</Filter>
    </ClCompile>
    <ClCompile Include="Systems\Window.cpp">
      <Filter>Systems</Filter>
    </ClCompile>
    <ClCompile Include="Systems\D3D.cpp">
      <Filter>Systems</Filter>
    </ClCompile>
    <ClCompile Include="Systems\Keyboard.cpp">
      <Filter>Systems</Filter>
    </ClCompile>
    <ClCompile Include="Viewer\Viewport.cpp">
      <Filter>Viewer</Filter>
    </ClCompile>
    <ClCompile Include="Viewer\Perspective.cpp">
      <Filter>Viewer</Filter>
    </ClCompile>
    <ClCompile Include="Program.cpp" />
    <ClCompile Include="Main.cpp" />
    <ClCompile Include="Utilities\Path.cpp">
      <Filter>Utilities</Filter>
    </ClCompile>
    <ClCompile Include="Utilities\String.cpp">
      <Filter>Utilities</Filter>
    </ClCompile>
    <ClCompile Include="Utilities\BinaryFile.cpp">
      <Filter>Utilities</Filter>
    </ClCompile>
    <ClCompile Include="Utilities\Math.cpp">
      <Filter>Utilities</Filter>
    </ClCompile>
    <ClCompile Include="Landscape\Terrain.cpp">
      <Filter>Landscape</Filter>
    </ClCompile>
    <ClCompile Include="Viewer\Camera.cpp">
      <Filter>Viewer</Filter>
    </ClCompile>
    <ClCompile Include="Viewer\FirstPerson.cpp">
      <Filter>Viewer</Filter>
    </ClCompile>
    <ClCompile Include="Executes\ExeGui.cpp">
      <Filter>Executes</Filter>
    </ClCompile>
    <ClCompile Include="Utilities\Mesh.cpp">
      <Filter>Utilities</Filter>
    </ClCompile>
    <ClCompile Include="Renders\Textures.cpp">
      <Filter>Renders</Filter>
    </ClCompile>
    <ClCompile Include="Renders\Material.cpp">
      <Filter>Renders</Filter>
    </ClCompile>
    <ClCompile Include="Executes\DrawTerrain.cpp">
      <Filter>Executes</Filter>
    </ClCompile>
    <ClCompile Include="Landscape\Data.cpp">
      <Filter>Landscape</Filter>
    </ClCompile>
    <ClCompile Include="Landscape\Fog.cpp">
      <Filter>Landscape</Filter>
    </ClCompile>
    <ClCompile Include="Water\Ocean.cpp">
      <Filter>Water</Filter>
    </ClCompile>
    <ClCompile Include="Water\OceanVertex.cpp">
      <Filter>Water</Filter>
    </ClCompile>
    <ClCompile Include="Water\Wave.cpp">
      <Filter>Water</Filter>
    </ClCompile>
    <ClCompile Include="Water\WaveVertex.cpp">
      <Filter>Water</Filter>
    </ClCompile>
    <ClCompile Include="Executes\DrawWater.cpp">
      <Filter>Executes</Filter>
    </ClCompile>
    <ClCompile Include="Environment\Sky.cpp">
      <Filter>Environment</Filter>
    </ClCompile>
    <ClCompile Include="Model\BinModel.cpp">
      <Filter>Model</Filter>
    </ClCompile>
    <ClCompile Include="Model\FbxData.cpp">
      <Filter>Model</Filter>
    </ClCompile>
    <ClCompile Include="Model\FbxModel.cpp">
      <Filter>Model</Filter>
    </ClCompile>
    <ClCompile Include="Model\FbxModels.cpp">
      <Filter>Model</Filter>
    </ClCompile>
    <ClCompile Include="Model\FbxUtility.cpp">
      <Filter>Model</Filter>
    </ClCompile>
    <ClCompile Include="Model\MeshPart.cpp">
      <Filter>Model</Filter>
    </ClCompile>
    <ClCompile Include="Executes\DrawEnv.cpp">
      <Filter>Executes</Filter>
    </ClCompile>
    <ClCompile Include="Utilities\Json.cpp">
      <Filter>Utilities</Filter>
    </ClCompile>
    <ClCompile Include="Environment\Sun.cpp">
      <Filter>Environment</Filter>
    </ClCompile>
    <ClCompile Include="Landscape\QuadTree.cpp">
      <Filter>Landscape</Filter>
    </ClCompile>
    <ClCompile Include="Landscape\Frustum.cpp">
      <Filter>Landscape</Filter>
    </ClCompile>
  </ItemGroup>
</Project>